
Microsoft Visual Studio Solution File, Format Version 12.00
# Visual Studio 15
VisualStudioVersion = 15.0.27130.2036
MinimumVisualStudioVersion = 10.0.40219.1
Project("{FAE04EC0-301F-11D3-BF4B-00C04F79EFBC}") = "KeyVaultUsing", "KeyVaultUsing\KeyVaultUsing.csproj", "{50845677-D609-43B1-A7FB-F0FB768BDA1D}"
EndProject
Global
	GlobalSection(SolutionConfigurationPlatforms) = preSolution
		Debug|Any CPU = Debug|Any CPU
		Release|Any CPU = Release|Any CPU
	EndGlobalSection
	GlobalSection(ProjectConfigurationPlatforms) = postSolution
		{50845677-D609-43B1-A7FB-F0FB768BDA1D}.Debug|Any CPU.ActiveCfg = Debug|Any CPU
		{50845677-D609-43B1-A7FB-F0FB768BDA1D}.Debug|Any CPU.Build.0 = Debug|Any CPU
		{50845677-D609-43B1-A7FB-F0FB768BDA1D}.Release|Any CPU.ActiveCfg = Release|Any CPU
		{50845677-D609-43B1-A7FB-F0FB768BDA1D}.Release|Any CPU.Build.0 = Release|Any CPU
	EndGlobalSection
	GlobalSection(SolutionProperties) = preSolution
		HideSolutionNode = FALSE
	EndGlobalSection
	GlobalSection(ExtensibilityGlobals) = postSolution
		SolutionGuid = {876073DE-131F-4F2E-B457-BFD4B4BE6965}
	EndGlobalSection
EndGlobal
